Microsoft Visual Studio Solution File, Format Version 12.00
# Visual Studio Version 17
VisualStudioVersion = 17.5.2.0
MinimumVisualStudioVersion = 10.0.40219.1
Project("{FAE04EC0-301F-11D3-BF4B-00C04F79EFBC}") = "RedisChatApp", "RedisChatApp.csproj", "{39A7F6D9-EEE9-57CB-FE8E-B9C350E14F9F}"
EndProject
Global
	GlobalSection(SolutionConfigurationPlatforms) = preSolution
		Debug|Any CPU = Debug|Any CPU
		Release|Any CPU = Release|Any CPU
	EndGlobalSection
	GlobalSection(ProjectConfigurationPlatforms) = postSolution
		{39A7F6D9-EEE9-57CB-FE8E-B9C350E14F9F}.Debug|Any CPU.ActiveCfg = Debug|Any CPU
		{39A7F6D9-EEE9-57CB-FE8E-B9C350E14F9F}.Debug|Any CPU.Build.0 = Debug|Any CPU
		{39A7F6D9-EEE9-57CB-FE8E-B9C350E14F9F}.Release|Any CPU.ActiveCfg = Release|Any CPU
		{39A7F6D9-EEE9-57CB-FE8E-B9C350E14F9F}.Release|Any CPU.Build.0 = Release|Any CPU
	EndGlobalSection
	GlobalSection(SolutionProperties) = preSolution
		HideSolutionNode = FALSE
	EndGlobalSection
	GlobalSection(ExtensibilityGlobals) = postSolution
		SolutionGuid = {D667F2B0-B0E5-48BB-91BC-905C864E53EA}
	EndGlobalSection
EndGlobal
